<?xml version="1.0" encoding="utf-8"?>
<Project ToolsVersion="4.0" xmlns="http://schemas.microsoft.com/developer/msbuild/2003">
  <ItemGroup>
    <ClCompile Include="audio.cpp">
      <Filter>CPPs</Filter>
    </ClCompile>
    <ClCompile Include="console.cpp">
      <Filter>CPPs</Filter>
    </ClCompile>
    <ClCompile Include="dashboard.cpp">
      <Filter>CPPs</Filter>
    </ClCompile>
    <ClCompile Include="entity.cpp">
      <Filter>CPPs</Filter>
    </ClCompile>
    <ClCompile Include="game.cpp">
      <Filter>CPPs</Filter>
    </ClCompile>
    <ClCompile Include="graphics.cpp">
      <Filter>CPPs</Filter>
    </ClCompile>
    <ClCompile Include="image.cpp">
      <Filter>CPPs</Filter>
    </ClCompile>
    <ClCompile Include="input.cpp">
      <Filter>CPPs</Filter>
    </ClCompile>
    <ClCompile Include="inputDialog.cpp">
      <Filter>CPPs</Filter>
    </ClCompile>
    <ClCompile Include="messageDialog.cpp">
      <Filter>CPPs</Filter>
    </ClCompile>
    <ClCompile Include="net.cpp">
      <Filter>CPPs</Filter>
    </ClCompile>
    <ClCompile Include="text.cpp">
      <Filter>CPPs</Filter>
    </ClCompile>
    <ClCompile Include="textDX.cpp">
      <Filter>CPPs</Filter>
    </ClCompile>
    <ClCompile Include="textureManager.cpp">
      <Filter>CPPs</Filter>
    </ClCompile>
    <ClCompile Include="winmain.cpp">
      <Filter>CPPs</Filter>
    </ClCompile>
    <ClCompile Include="gameMain.cpp">
      <Filter>CPPs</Filter>
    </ClCompile>
    <ClCompile Include="backGround.cpp">
      <Filter>CPPs</Filter>
    </ClCompile>
  </ItemGroup>
  <ItemGroup>
    <ClInclude Include="console.h">
      <Filter>Hs</Filter>
    </ClInclude>
    <ClInclude Include="constants.h">
      <Filter>Hs</Filter>
    </ClInclude>
    <ClInclude Include="dashboard.h">
      <Filter>Hs</Filter>
    </ClInclude>
    <ClInclude Include="entity.h">
      <Filter>Hs</Filter>
    </ClInclude>
    <ClInclude Include="game.h">
      <Filter>Hs</Filter>
    </ClInclude>
    <ClInclude Include="gameError.h">
      <Filter>Hs</Filter>
    </ClInclude>
    <ClInclude Include="graphics.h">
      <Filter>Hs</Filter>
    </ClInclude>
    <ClInclude Include="image.h">
      <Filter>Hs</Filter>
    </ClInclude>
    <ClInclude Include="input.h">
      <Filter>Hs</Filter>
    </ClInclude>
    <ClInclude Include="inputDialog.h">
      <Filter>Hs</Filter>
    </ClInclude>
    <ClInclude Include="messageDialog.h">
      <Filter>Hs</Filter>
    </ClInclude>
    <ClInclude Include="net.h">
      <Filter>Hs</Filter>
    </ClInclude>
    <ClInclude Include="text.h">
      <Filter>Hs</Filter>
    </ClInclude>
    <ClInclude Include="textDX.h">
      <Filter>Hs</Filter>
    </ClInclude>
    <ClInclude Include="textureManager.h">
      <Filter>Hs</Filter>
    </ClInclude>
    <ClInclude Include="audio.h">
      <Filter>Hs</Filter>
    </ClInclude>
    <ClInclude Include="gameMain.h">
      <Filter>Hs</Filter>
    </ClInclude>
    <ClInclude Include="backGround.h">
      <Filter>Hs</Filter>
    </ClInclude>
  </ItemGroup>
  <ItemGroup>
    <None Include="Change log.txt" />
  </ItemGroup>
  <ItemGroup>
    <Filter Include="Hs">
      <UniqueIdentifier>{55aac121-de23-43d7-a530-966345de0f04}</UniqueIdentifier>
    </Filter>
    <Filter Include="CPPs">
      <UniqueIdentifier>{a84b5ef9-9b1f-4697-92af-25431710815e}</UniqueIdentifier>
    </Filter>
  </ItemGroup>
</Project>